
Microsoft Visual Studio Solution File, Format Version 12.00
# Visual Studio Version 17
VisualStudioVersion = 17.12.35506.116
MinimumVisualStudioVersion = 10.0.40219.1
Project("{FAE04EC0-301F-11D3-BF4B-00C04F79EFBC}") = "CRUDProject", "CRUDProject\CRUDProject.csproj", "{D87C246A-1CB9-4358-A7FF-FE0C9003E15E}"
EndProject
Project("{FAE04EC0-301F-11D3-BF4B-00C04F79EFBC}") = "CRUDTests", "CRUDTests\CRUDTests.csproj", "{D49039DA-625A-4CCC-9CC1-7B50433C77B1}"
EndProject
Project("{FAE04EC0-301F-11D3-BF4B-00C04F79EFBC}") = "Entities", "Entities\Entities.csproj", "{26F845A6-E796-4203-9DD4-8B7AC4FC1F16}"
EndProject
Project("{FAE04EC0-301F-11D3-BF4B-00C04F79EFBC}") = "ServiceContracts", "ServiceContracts\ServiceContracts.csproj", "{5FDE7ADF-C903-41C6-A345-182FEAE2C46A}"
EndProject
Project("{FAE04EC0-301F-11D3-BF4B-00C04F79EFBC}") = "Services", "Services\Services.csproj", "{9A6B2225-2AAB-4052-9D6B-B23632D3CC14}"
EndProject
Project("{FAE04EC0-301F-11D3-BF4B-00C04F79EFBC}") = "RepositoryContracts", "RepositoryContracts\RepositoryContracts.csproj", "{B6C33E19-6E93-4850-BF0B-BBE9BC712C37}"
EndProject
Project("{FAE04EC0-301F-11D3-BF4B-00C04F79EFBC}") = "Repositories", "Repositories\Repositories.csproj", "{AD892DA7-EF76-4EF2-BDD6-6A7137CBB177}"
EndProject
Global
	GlobalSection(SolutionConfigurationPlatforms) = preSolution
		Debug|Any CPU = Debug|Any CPU
		Release|Any CPU = Release|Any CPU
	EndGlobalSection
	GlobalSection(ProjectConfigurationPlatforms) = postSolution
		{D87C246A-1CB9-4358-A7FF-FE0C9003E15E}.Debug|Any CPU.ActiveCfg = Debug|Any CPU
		{D87C246A-1CB9-4358-A7FF-FE0C9003E15E}.Debug|Any CPU.Build.0 = Debug|Any CPU
		{D87C246A-1CB9-4358-A7FF-FE0C9003E15E}.Release|Any CPU.ActiveCfg = Release|Any CPU
		{D87C246A-1CB9-4358-A7FF-FE0C9003E15E}.Release|Any CPU.Build.0 = Release|Any CPU
		{D49039DA-625A-4CCC-9CC1-7B50433C77B1}.Debug|Any CPU.ActiveCfg = Debug|Any CPU
		{D49039DA-625A-4CCC-9CC1-7B50433C77B1}.Debug|Any CPU.Build.0 = Debug|Any CPU
		{D49039DA-625A-4CCC-9CC1-7B50433C77B1}.Release|Any CPU.ActiveCfg = Release|Any CPU
		{D49039DA-625A-4CCC-9CC1-7B50433C77B1}.Release|Any CPU.Build.0 = Release|Any CPU
		{26F845A6-E796-4203-9DD4-8B7AC4FC1F16}.Debug|Any CPU.ActiveCfg = Debug|Any CPU
		{26F845A6-E796-4203-9DD4-8B7AC4FC1F16}.Debug|Any CPU.Build.0 = Debug|Any CPU
		{26F845A6-E796-4203-9DD4-8B7AC4FC1F16}.Release|Any CPU.ActiveCfg = Release|Any CPU
		{26F845A6-E796-4203-9DD4-8B7AC4FC1F16}.Release|Any CPU.Build.0 = Release|Any CPU
		{5FDE7ADF-C903-41C6-A345-182FEAE2C46A}.Debug|Any CPU.ActiveCfg = Debug|Any CPU
		{5FDE7ADF-C903-41C6-A345-182FEAE2C46A}.Debug|Any CPU.Build.0 = Debug|Any CPU
		{5FDE7ADF-C903-41C6-A345-182FEAE2C46A}.Release|Any CPU.ActiveCfg = Release|Any CPU
		{5FDE7ADF-C903-41C6-A345-182FEAE2C46A}.Release|Any CPU.Build.0 = Release|Any CPU
		{9A6B2225-2AAB-4052-9D6B-B23632D3CC14}.Debug|Any CPU.ActiveCfg = Debug|Any CPU
		{9A6B2225-2AAB-4052-9D6B-B23632D3CC14}.Debug|Any CPU.Build.0 = Debug|Any CPU
		{9A6B2225-2AAB-4052-9D6B-B23632D3CC14}.Release|Any CPU.ActiveCfg = Release|Any CPU
		{9A6B2225-2AAB-4052-9D6B-B23632D3CC14}.Release|Any CPU.Build.0 = Release|Any CPU
		{B6C33E19-6E93-4850-BF0B-BBE9BC712C37}.Debug|Any CPU.ActiveCfg = Debug|Any CPU
		{B6C33E19-6E93-4850-BF0B-BBE9BC712C37}.Debug|Any CPU.Build.0 = Debug|Any CPU
		{B6C33E19-6E93-4850-BF0B-BBE9BC712C37}.Release|Any CPU.ActiveCfg = Release|Any CPU
		{B6C33E19-6E93-4850-BF0B-BBE9BC712C37}.Release|Any CPU.Build.0 = Release|Any CPU
		{AD892DA7-EF76-4EF2-BDD6-6A7137CBB177}.Debug|Any CPU.ActiveCfg = Debug|Any CPU
		{AD892DA7-EF76-4EF2-BDD6-6A7137CBB177}.Debug|Any CPU.Build.0 = Debug|Any CPU
		{AD892DA7-EF76-4EF2-BDD6-6A7137CBB177}.Release|Any CPU.ActiveCfg = Release|Any CPU
		{AD892DA7-EF76-4EF2-BDD6-6A7137CBB177}.Release|Any CPU.Build.0 = Release|Any CPU
	EndGlobalSection
	GlobalSection(SolutionProperties) = preSolution
		HideSolutionNode = FALSE
	EndGlobalSection
EndGlobal
